
Microsoft Visual Studio Solution File, Format Version 12.00
# Visual Studio Version 17
VisualStudioVersion = 17.5.002.0
MinimumVisualStudioVersion = 10.0.40219.1
Project("{9A19103F-16F7-4668-BE54-9A1E7A4F7556}") = "PCConfigurator", "PCConfigurator.csproj", "{26814F01-DDC5-4AF3-9906-4E908AC9CE90}"
EndProject
Global
	GlobalSection(SolutionConfigurationPlatforms) = preSolution
		Debug|Any CPU = Debug|Any CPU
		Release|Any CPU = Release|Any CPU
	EndGlobalSection
	GlobalSection(ProjectConfigurationPlatforms) = postSolution
		{26814F01-DDC5-4AF3-9906-4E908AC9CE90}.Debug|Any CPU.ActiveCfg = Debug|Any CPU
		{26814F01-DDC5-4AF3-9906-4E908AC9CE90}.Debug|Any CPU.Build.0 = Debug|Any CPU
		{26814F01-DDC5-4AF3-9906-4E908AC9CE90}.Release|Any CPU.ActiveCfg = Release|Any CPU
		{26814F01-DDC5-4AF3-9906-4E908AC9CE90}.Release|Any CPU.Build.0 = Release|Any CPU
	EndGlobalSection
	GlobalSection(SolutionProperties) = preSolution
		HideSolutionNode = FALSE
	EndGlobalSection
	GlobalSection(ExtensibilityGlobals) = postSolution
		SolutionGuid = {A6818E58-78FE-49F7-A0DD-998591B38308}
	EndGlobalSection
EndGlobal
